
Microsoft Visual Studio Solution File, Format Version 12.00
# Visual Studio Version 16
VisualStudioVersion = 16.0.30413.136
MinimumVisualStudioVersion = 10.0.40219.1
Project("{9A19103F-16F7-4668-BE54-9A1E7A4F7556}") = "WEB_APP_CORE", "WEB_APP_CORE\WEB_APP_CORE.csproj", "{52D82466-ADDD-4895-A947-6AA053F7A650}"
EndProject
Project("{2150E333-8FDC-42A3-9474-1A3956D46DE8}") = "1.WEB API", "1.WEB API", "{887EAFF1-0722-4EB4-94F8-D7C547A16DFE}"
EndProject
Project("{2150E333-8FDC-42A3-9474-1A3956D46DE8}") = "2.WEB APP", "2.WEB APP", "{0F0FF9F7-9AEF-48DD-A41C-B2AF4FC3636B}"
EndProject
Project("{2150E333-8FDC-42A3-9474-1A3956D46DE8}") = "1.BAL", "1.BAL", "{B1B8A126-A767-4F5D-8402-2A6B04C7BC93}"
EndProject
Project("{2150E333-8FDC-42A3-9474-1A3956D46DE8}") = "2.DAL", "2.DAL", "{E252378C-5E08-4660-A34F-F9711F374C25}"
EndProject
Project("{2150E333-8FDC-42A3-9474-1A3956D46DE8}") = "3.API", "3.API", "{B7BB7AAC-0B1C-4695-87EA-6EC46E4F6C40}"
EndProject
Project("{9A19103F-16F7-4668-BE54-9A1E7A4F7556}") = "BAL", "..\1_WEB_API\01_Business_Logic_Layer\BAL.csproj", "{DF32FD61-4D28-455B-99AF-CCE8789DB65F}"
EndProject
Project("{9A19103F-16F7-4668-BE54-9A1E7A4F7556}") = "DAL", "..\1_WEB_API\02_Data_Access_Layer\DAL.csproj", "{AF65C80B-86E4-436B-9331-F668B49598BD}"
EndProject
Project("{9A19103F-16F7-4668-BE54-9A1E7A4F7556}") = "WEBApi", "..\1_WEB_API\03_WEB_Api\WEBApi.csproj", "{8B58E76D-EA54-4A0A-BAAF-4C4020D4756E}"
EndProject
Global
	GlobalSection(SolutionConfigurationPlatforms) = preSolution
		Debug|Any CPU = Debug|Any CPU
		Release|Any CPU = Release|Any CPU
	EndGlobalSection
	GlobalSection(ProjectConfigurationPlatforms) = postSolution
		{52D82466-ADDD-4895-A947-6AA053F7A650}.Debug|Any CPU.ActiveCfg = Debug|Any CPU
		{52D82466-ADDD-4895-A947-6AA053F7A650}.Debug|Any CPU.Build.0 = Debug|Any CPU
		{52D82466-ADDD-4895-A947-6AA053F7A650}.Release|Any CPU.ActiveCfg = Release|Any CPU
		{52D82466-ADDD-4895-A947-6AA053F7A650}.Release|Any CPU.Build.0 = Release|Any CPU
		{DF32FD61-4D28-455B-99AF-CCE8789DB65F}.Debug|Any CPU.ActiveCfg = Debug|Any CPU
		{DF32FD61-4D28-455B-99AF-CCE8789DB65F}.Debug|Any CPU.Build.0 = Debug|Any CPU
		{DF32FD61-4D28-455B-99AF-CCE8789DB65F}.Release|Any CPU.ActiveCfg = Release|Any CPU
		{DF32FD61-4D28-455B-99AF-CCE8789DB65F}.Release|Any CPU.Build.0 = Release|Any CPU
		{AF65C80B-86E4-436B-9331-F668B49598BD}.Debug|Any CPU.ActiveCfg = Debug|Any CPU
		{AF65C80B-86E4-436B-9331-F668B49598BD}.Debug|Any CPU.Build.0 = Debug|Any CPU
		{AF65C80B-86E4-436B-9331-F668B49598BD}.Release|Any CPU.ActiveCfg = Release|Any CPU
		{AF65C80B-86E4-436B-9331-F668B49598BD}.Release|Any CPU.Build.0 = Release|Any CPU
		{8B58E76D-EA54-4A0A-BAAF-4C4020D4756E}.Debug|Any CPU.ActiveCfg = Debug|Any CPU
		{8B58E76D-EA54-4A0A-BAAF-4C4020D4756E}.Debug|Any CPU.Build.0 = Debug|Any CPU
		{8B58E76D-EA54-4A0A-BAAF-4C4020D4756E}.Release|Any CPU.ActiveCfg = Release|Any CPU
		{8B58E76D-EA54-4A0A-BAAF-4C4020D4756E}.Release|Any CPU.Build.0 = Release|Any CPU
	EndGlobalSection
	GlobalSection(SolutionProperties) = preSolution
		HideSolutionNode = FALSE
	EndGlobalSection
	GlobalSection(NestedProjects) = preSolution
		{52D82466-ADDD-4895-A947-6AA053F7A650} = {0F0FF9F7-9AEF-48DD-A41C-B2AF4FC3636B}
		{B1B8A126-A767-4F5D-8402-2A6B04C7BC93} = {887EAFF1-0722-4EB4-94F8-D7C547A16DFE}
		{E252378C-5E08-4660-A34F-F9711F374C25} = {887EAFF1-0722-4EB4-94F8-D7C547A16DFE}
		{B7BB7AAC-0B1C-4695-87EA-6EC46E4F6C40} = {887EAFF1-0722-4EB4-94F8-D7C547A16DFE}
		{DF32FD61-4D28-455B-99AF-CCE8789DB65F} = {B1B8A126-A767-4F5D-8402-2A6B04C7BC93}
		{AF65C80B-86E4-436B-9331-F668B49598BD} = {E252378C-5E08-4660-A34F-F9711F374C25}
		{8B58E76D-EA54-4A0A-BAAF-4C4020D4756E} = {B7BB7AAC-0B1C-4695-87EA-6EC46E4F6C40}
	EndGlobalSection
	GlobalSection(ExtensibilityGlobals) = postSolution
		SolutionGuid = {7B17FE49-A3F8-4D37-93A8-54C722CB6C09}
	EndGlobalSection
EndGlobal
