
Microsoft Visual Studio Solution File, Format Version 12.00
# Visual Studio Version 16
VisualStudioVersion = 16.0.30413.136
MinimumVisualStudioVersion = 10.0.40219.1
Project("{FAE04EC0-301F-11D3-BF4B-00C04F79EFBC}") = "WEB_APP_CORE", "WEB_APP_CORE\WEB_APP_CORE.csproj", "{52D82466-ADDD-4895-A947-6AA053F7A650}"
EndProject
Global
	GlobalSection(SolutionConfigurationPlatforms) = preSolution
		Debug|Any CPU = Debug|Any CPU
		Release|Any CPU = Release|Any CPU
	EndGlobalSection
	GlobalSection(ProjectConfigurationPlatforms) = postSolution
		{52D82466-ADDD-4895-A947-6AA053F7A650}.Debug|Any CPU.ActiveCfg = Debug|Any CPU
		{52D82466-ADDD-4895-A947-6AA053F7A650}.Debug|Any CPU.Build.0 = Debug|Any CPU
		{52D82466-ADDD-4895-A947-6AA053F7A650}.Release|Any CPU.ActiveCfg = Release|Any CPU
		{52D82466-ADDD-4895-A947-6AA053F7A650}.Release|Any CPU.Build.0 = Release|Any CPU
	EndGlobalSection
	GlobalSection(SolutionProperties) = preSolution
		HideSolutionNode = FALSE
	EndGlobalSection
	GlobalSection(ExtensibilityGlobals) = postSolution
		SolutionGuid = {7B17FE49-A3F8-4D37-93A8-54C722CB6C09}
	EndGlobalSection
EndGlobal
