
Microsoft Visual Studio Solution File, Format Version 12.00
# Visual Studio Version 17
VisualStudioVersion = 17.11.35222.181
MinimumVisualStudioVersion = 10.0.40219.1
Project("{FAE04EC0-301F-11D3-BF4B-00C04F79EFBC}") = "SamplewebMVC", "SamplewebMVC\SamplewebMVC.csproj", "{69F1EECD-2C20-405B-B68B-59D52B96831D}"
EndProject
Global
	GlobalSection(SolutionConfigurationPlatforms) = preSolution
		Debug|Any CPU = Debug|Any CPU
		Release|Any CPU = Release|Any CPU
	EndGlobalSection
	GlobalSection(ProjectConfigurationPlatforms) = postSolution
		{69F1EECD-2C20-405B-B68B-59D52B96831D}.Debug|Any CPU.ActiveCfg = Debug|Any CPU
		{69F1EECD-2C20-405B-B68B-59D52B96831D}.Debug|Any CPU.Build.0 = Debug|Any CPU
		{69F1EECD-2C20-405B-B68B-59D52B96831D}.Release|Any CPU.ActiveCfg = Release|Any CPU
		{69F1EECD-2C20-405B-B68B-59D52B96831D}.Release|Any CPU.Build.0 = Release|Any CPU
	EndGlobalSection
	GlobalSection(SolutionProperties) = preSolution
		HideSolutionNode = FALSE
	EndGlobalSection
	GlobalSection(ExtensibilityGlobals) = postSolution
		SolutionGuid = {6EA4FEA7-34D9-41C5-A87B-8464493894D6}
	EndGlobalSection
EndGlobal
