
Microsoft Visual Studio Solution File, Format Version 12.00
# Visual Studio Version 16
VisualStudioVersion = 16.0.30413.136
MinimumVisualStudioVersion = 10.0.40219.1
Project("{9A19103F-16F7-4668-BE54-9A1E7A4F7556}") = "WEB_APP_CORE", "WEB_APP_CORE\WEB_APP_CORE.csproj", "{52D82466-ADDD-4895-A947-6AA053F7A650}"
EndProject
Project("{9A19103F-16F7-4668-BE54-9A1E7A4F7556}") = "WEBApi", "..\..\01_EMPLOYE_PROJECT_PARAM\1_WEB_API\03_WEB_Api\WEBApi.csproj", "{6761A022-EC14-44F9-8C34-F8545594CCBA}"
EndProject
Project("{9A19103F-16F7-4668-BE54-9A1E7A4F7556}") = "DAL", "..\..\01_EMPLOYE_PROJECT_PARAM\1_WEB_API\02_Data_Access_Layer\DAL.csproj", "{3BF0AA08-DFE0-4C7F-BF22-6C73C4AC7D15}"
EndProject
Project("{9A19103F-16F7-4668-BE54-9A1E7A4F7556}") = "BAL", "..\..\01_EMPLOYE_PROJECT_PARAM\1_WEB_API\01_Business_Logic_Layer\BAL.csproj", "{BD93BB22-7246-4267-8489-241374AD8BB4}"
EndProject
Project("{2150E333-8FDC-42A3-9474-1A3956D46DE8}") = "1.WEB API", "1.WEB API", "{D88137C0-3ED3-4844-B591-0A7786B917A1}"
EndProject
Project("{2150E333-8FDC-42A3-9474-1A3956D46DE8}") = "1.BAL", "1.BAL", "{72E0686D-4393-43EF-BFFE-6CC0C5DFDC6A}"
EndProject
Project("{2150E333-8FDC-42A3-9474-1A3956D46DE8}") = "2.DAL", "2.DAL", "{8277BAC9-58E5-4E73-A1C9-0CD85DF89B83}"
EndProject
Project("{2150E333-8FDC-42A3-9474-1A3956D46DE8}") = "API", "API", "{889864EA-3D12-4BD1-B4A5-D3A5AD180A5C}"
EndProject
Project("{2150E333-8FDC-42A3-9474-1A3956D46DE8}") = "2.WEB APP", "2.WEB APP", "{014C465F-33CA-4E21-90AB-39A8BCC50E80}"
EndProject
Global
	GlobalSection(SolutionConfigurationPlatforms) = preSolution
		Debug|Any CPU = Debug|Any CPU
		Release|Any CPU = Release|Any CPU
	EndGlobalSection
	GlobalSection(ProjectConfigurationPlatforms) = postSolution
		{52D82466-ADDD-4895-A947-6AA053F7A650}.Debug|Any CPU.ActiveCfg = Debug|Any CPU
		{52D82466-ADDD-4895-A947-6AA053F7A650}.Debug|Any CPU.Build.0 = Debug|Any CPU
		{52D82466-ADDD-4895-A947-6AA053F7A650}.Release|Any CPU.ActiveCfg = Release|Any CPU
		{52D82466-ADDD-4895-A947-6AA053F7A650}.Release|Any CPU.Build.0 = Release|Any CPU
		{6761A022-EC14-44F9-8C34-F8545594CCBA}.Debug|Any CPU.ActiveCfg = Debug|Any CPU
		{6761A022-EC14-44F9-8C34-F8545594CCBA}.Debug|Any CPU.Build.0 = Debug|Any CPU
		{6761A022-EC14-44F9-8C34-F8545594CCBA}.Release|Any CPU.ActiveCfg = Release|Any CPU
		{6761A022-EC14-44F9-8C34-F8545594CCBA}.Release|Any CPU.Build.0 = Release|Any CPU
		{3BF0AA08-DFE0-4C7F-BF22-6C73C4AC7D15}.Debug|Any CPU.ActiveCfg = Debug|Any CPU
		{3BF0AA08-DFE0-4C7F-BF22-6C73C4AC7D15}.Debug|Any CPU.Build.0 = Debug|Any CPU
		{3BF0AA08-DFE0-4C7F-BF22-6C73C4AC7D15}.Release|Any CPU.ActiveCfg = Release|Any CPU
		{3BF0AA08-DFE0-4C7F-BF22-6C73C4AC7D15}.Release|Any CPU.Build.0 = Release|Any CPU
		{BD93BB22-7246-4267-8489-241374AD8BB4}.Debug|Any CPU.ActiveCfg = Debug|Any CPU
		{BD93BB22-7246-4267-8489-241374AD8BB4}.Debug|Any CPU.Build.0 = Debug|Any CPU
		{BD93BB22-7246-4267-8489-241374AD8BB4}.Release|Any CPU.ActiveCfg = Release|Any CPU
		{BD93BB22-7246-4267-8489-241374AD8BB4}.Release|Any CPU.Build.0 = Release|Any CPU
	EndGlobalSection
	GlobalSection(SolutionProperties) = preSolution
		HideSolutionNode = FALSE
	EndGlobalSection
	GlobalSection(NestedProjects) = preSolution
		{52D82466-ADDD-4895-A947-6AA053F7A650} = {014C465F-33CA-4E21-90AB-39A8BCC50E80}
		{6761A022-EC14-44F9-8C34-F8545594CCBA} = {889864EA-3D12-4BD1-B4A5-D3A5AD180A5C}
		{3BF0AA08-DFE0-4C7F-BF22-6C73C4AC7D15} = {8277BAC9-58E5-4E73-A1C9-0CD85DF89B83}
		{BD93BB22-7246-4267-8489-241374AD8BB4} = {72E0686D-4393-43EF-BFFE-6CC0C5DFDC6A}
		{72E0686D-4393-43EF-BFFE-6CC0C5DFDC6A} = {D88137C0-3ED3-4844-B591-0A7786B917A1}
		{8277BAC9-58E5-4E73-A1C9-0CD85DF89B83} = {D88137C0-3ED3-4844-B591-0A7786B917A1}
		{889864EA-3D12-4BD1-B4A5-D3A5AD180A5C} = {D88137C0-3ED3-4844-B591-0A7786B917A1}
	EndGlobalSection
	GlobalSection(ExtensibilityGlobals) = postSolution
		SolutionGuid = {7B17FE49-A3F8-4D37-93A8-54C722CB6C09}
	EndGlobalSection
EndGlobal
